{
  "originHash" : "b8c1b2ce8a7a48f15a758159db5d4a7f2ae2d2504f0521896df92a9b4f985139",
  "pins" : [
    {
      "identity" : "asynctimer",
      "kind" : "remoteSourceControl",
      "location" : "https://github.com/codingiran/AsyncTimer.git",
      "state" : {
        "revision" : "5ec0ec37ab8058bfe946d9fccef15d0404199024",
        "version" : "0.0.4"
      }
    },
    {
      "identity" : "networkpathmonitor",
      "kind" : "remoteSourceControl",
      "location" : "https://github.com/codingiran/NetworkPathMonitor.git",
      "state" : {
        "revision" : "2425add3478838f9998fe2b185ece578c105bbba",
        "version" : "0.0.3"
      }
    },
    {
      "identity" : "starscream",
      "kind" : "remoteSourceControl",
      "location" : "https://github.com/daltoniam/Starscream.git",
      "state" : {
        "revision" : "c6bfd1af48efcc9a9ad203665db12375ba6b145a",
        "version" : "4.0.8"
      }
    },
    {
      "identity" : "websocketclient",
      "kind" : "remoteSourceControl",
      "location" : "https://github.com/codingiran/WebSocketClient.git",
      "state" : {
        "revision" : "1655404756b7acec20b37cdd57681bdc8d62bccc",
        "version" : "0.0.2"
      }
    }
  ],
  "version" : 3
}
